
Microsoft Visual Studio Solution File, Format Version 12.00
# Visual Studio Version 16
VisualStudioVersion = 16.0.29411.108
MinimumVisualStudioVersion = 10.0.40219.1
Project("{8BC9CEB8-8B4A-11D0-8D11-00A0C91BC942}") = "ConsoleApplication2", "ConsoleApplication2.vcxproj", "{B42BF7CA-8D32-4E24-AE46-D4F74CF8321D}"
EndProject
Global
	GlobalSection(SolutionConfigurationPlatforms) = preSolution
		Debug|x64 = Debug|x64
		Debug|x86 = Debug|x86
		Release|x64 = Release|x64
		Release|x86 = Release|x86
	EndGlobalSection
	GlobalSection(ProjectConfigurationPlatforms) = postSolution
		{B42BF7CA-8D32-4E24-AE46-D4F74CF8321D}.Debug|x64.ActiveCfg = Debug|x64
		{B42BF7CA-8D32-4E24-AE46-D4F74CF8321D}.Debug|x64.Build.0 = Debug|x64
		{B42BF7CA-8D32-4E24-AE46-D4F74CF8321D}.Debug|x86.ActiveCfg = Debug|Win32
		{B42BF7CA-8D32-4E24-AE46-D4F74CF8321D}.Debug|x86.Build.0 = Debug|Win32
		{B42BF7CA-8D32-4E24-AE46-D4F74CF8321D}.Release|x64.ActiveCfg = Release|x64
		{B42BF7CA-8D32-4E24-AE46-D4F74CF8321D}.Release|x64.Build.0 = Release|x64
		{B42BF7CA-8D32-4E24-AE46-D4F74CF8321D}.Release|x86.ActiveCfg = Release|Win32
		{B42BF7CA-8D32-4E24-AE46-D4F74CF8321D}.Release|x86.Build.0 = Release|Win32
	EndGlobalSection
	GlobalSection(SolutionProperties) = preSolution
		HideSolutionNode = FALSE
	EndGlobalSection
	GlobalSection(ExtensibilityGlobals) = postSolution
		SolutionGuid = {DF14A242-C528-4BC2-BEA0-A9C14C3EF8EA}
	EndGlobalSection
EndGlobal
